
Microsoft Visual Studio Solution File, Format Version 12.00
# Visual Studio Version 17
VisualStudioVersion = 17.8.34330.188
MinimumVisualStudioVersion = 10.0.40219.1
Project("{9A19103F-16F7-4668-BE54-9A1E7A4F7556}") = "Portfolio.Catalog.App.Core", "src\Portfolio.Catalog.App.Core\Portfolio.Catalog.App.Core.csproj", "{ABAE74CB-F184-4F9F-B7BD-5763DADFE67A}"
EndProject
Project("{9A19103F-16F7-4668-BE54-9A1E7A4F7556}") = "Portfolio.Catalog.App.UI", "src\Portfolio.Catalog.App.UI\Portfolio.Catalog.App.UI.csproj", "{BE461322-EA05-4716-A9B6-60D6728AA7F0}"
EndProject
Project("{FAE04EC0-301F-11D3-BF4B-00C04F79EFBC}") = "Portfolio.Catalog.App.Droid", "src\Portfolio.Catalog.App.Droid\Portfolio.Catalog.App.Droid.csproj", "{60265349-CCE1-4F2F-AF95-0AACF9749EB7}"
EndProject
Project("{9A19103F-16F7-4668-BE54-9A1E7A4F7556}") = "Portfolio.Catalog.App.Wpf", "src\Portfolio.Catalog.App.Wpf\Portfolio.Catalog.App.Wpf.csproj", "{14C61603-576B-44AD-BA49-E64A965C294C}"
EndProject
Global
	GlobalSection(SolutionConfigurationPlatforms) = preSolution
		Debug|Any CPU = Debug|Any CPU
		Release|Any CPU = Release|Any CPU
	EndGlobalSection
	GlobalSection(ProjectConfigurationPlatforms) = postSolution
		{ABAE74CB-F184-4F9F-B7BD-5763DADFE67A}.Debug|Any CPU.ActiveCfg = Debug|Any CPU
		{ABAE74CB-F184-4F9F-B7BD-5763DADFE67A}.Debug|Any CPU.Build.0 = Debug|Any CPU
		{ABAE74CB-F184-4F9F-B7BD-5763DADFE67A}.Release|Any CPU.ActiveCfg = Release|Any CPU
		{ABAE74CB-F184-4F9F-B7BD-5763DADFE67A}.Release|Any CPU.Build.0 = Release|Any CPU
		{BE461322-EA05-4716-A9B6-60D6728AA7F0}.Debug|Any CPU.ActiveCfg = Debug|Any CPU
		{BE461322-EA05-4716-A9B6-60D6728AA7F0}.Debug|Any CPU.Build.0 = Debug|Any CPU
		{BE461322-EA05-4716-A9B6-60D6728AA7F0}.Release|Any CPU.ActiveCfg = Release|Any CPU
		{BE461322-EA05-4716-A9B6-60D6728AA7F0}.Release|Any CPU.Build.0 = Release|Any CPU
		{60265349-CCE1-4F2F-AF95-0AACF9749EB7}.Debug|Any CPU.ActiveCfg = Debug|Any CPU
		{60265349-CCE1-4F2F-AF95-0AACF9749EB7}.Debug|Any CPU.Build.0 = Debug|Any CPU
		{60265349-CCE1-4F2F-AF95-0AACF9749EB7}.Debug|Any CPU.Deploy.0 = Debug|Any CPU
		{60265349-CCE1-4F2F-AF95-0AACF9749EB7}.Release|Any CPU.ActiveCfg = Release|Any CPU
		{60265349-CCE1-4F2F-AF95-0AACF9749EB7}.Release|Any CPU.Build.0 = Release|Any CPU
		{60265349-CCE1-4F2F-AF95-0AACF9749EB7}.Release|Any CPU.Deploy.0 = Release|Any CPU
		{14C61603-576B-44AD-BA49-E64A965C294C}.Debug|Any CPU.ActiveCfg = Debug|Any CPU
		{14C61603-576B-44AD-BA49-E64A965C294C}.Debug|Any CPU.Build.0 = Debug|Any CPU
		{14C61603-576B-44AD-BA49-E64A965C294C}.Release|Any CPU.ActiveCfg = Release|Any CPU
		{14C61603-576B-44AD-BA49-E64A965C294C}.Release|Any CPU.Build.0 = Release|Any CPU
	EndGlobalSection
	GlobalSection(SolutionProperties) = preSolution
		HideSolutionNode = FALSE
	EndGlobalSection
	GlobalSection(ExtensibilityGlobals) = postSolution
		SolutionGuid = {10241957-6F16-4092-88C1-461193EED053}
	EndGlobalSection
EndGlobal
